
Microsoft Visual Studio Solution File, Format Version 12.00
# Visual Studio 15
VisualStudioVersion = 15.0.27428.2027
MinimumVisualStudioVersion = 10.0.40219.1
Project("{FAE04EC0-301F-11D3-BF4B-00C04F79EFBC}") = "Solution for 2GIS", "Solution for 2GIS\Solution for 2GIS.csproj", "{CF6D0226-0284-430B-B033-3B28B5701A42}"
EndProject
Global
	GlobalSection(SolutionConfigurationPlatforms) = preSolution
		Debug|Any CPU = Debug|Any CPU
		Release|Any CPU = Release|Any CPU
	EndGlobalSection
	GlobalSection(ProjectConfigurationPlatforms) = postSolution
		{CF6D0226-0284-430B-B033-3B28B5701A42}.Debug|Any CPU.ActiveCfg = Debug|Any CPU
		{CF6D0226-0284-430B-B033-3B28B5701A42}.Debug|Any CPU.Build.0 = Debug|Any CPU
		{CF6D0226-0284-430B-B033-3B28B5701A42}.Release|Any CPU.ActiveCfg = Release|Any CPU
		{CF6D0226-0284-430B-B033-3B28B5701A42}.Release|Any CPU.Build.0 = Release|Any CPU
	EndGlobalSection
	GlobalSection(SolutionProperties) = preSolution
		HideSolutionNode = FALSE
	EndGlobalSection
	GlobalSection(ExtensibilityGlobals) = postSolution
		SolutionGuid = {A6085E8E-843F-4572-8941-8FF41C36C040}
	EndGlobalSection
EndGlobal
